
Microsoft Visual Studio Solution File, Format Version 12.00
# Visual Studio 15
VisualStudioVersion = 15.0.28010.2016
MinimumVisualStudioVersion = 10.0.40219.1
Project("{FAE04EC0-301F-11D3-BF4B-00C04F79EFBC}") = "OnlineServiceManager", "OnlineServiceManager\OnlineServiceManager.csproj", "{FDAFBD53-102D-45FC-8A6E-EB1209E56FE9}"
EndProject
Project("{FAE04EC0-301F-11D3-BF4B-00C04F79EFBC}") = "WebAPI", "WebAPI\WebAPI.csproj", "{3BEFE3AF-D8D1-4DDB-9AF2-C72B491FC6D7}"
EndProject
Project("{FAE04EC0-301F-11D3-BF4B-00C04F79EFBC}") = "serverManagerClient", "serverManagerClient\serverManagerClient.csproj", "{DD96B286-3B30-4907-8954-EBDA1393ACEF}"
EndProject
Project("{FAE04EC0-301F-11D3-BF4B-00C04F79EFBC}") = "CharEditClient", "charEditor\CharEditClient.csproj", "{A1DB77C1-52F3-4877-97A6-BB57E7EE10E7}"
EndProject
Global
	GlobalSection(SolutionConfigurationPlatforms) = preSolution
		Debug|Any CPU = Debug|Any CPU
		Release|Any CPU = Release|Any CPU
	EndGlobalSection
	GlobalSection(ProjectConfigurationPlatforms) = postSolution
		{FDAFBD53-102D-45FC-8A6E-EB1209E56FE9}.Debug|Any CPU.ActiveCfg = Debug|Any CPU
		{FDAFBD53-102D-45FC-8A6E-EB1209E56FE9}.Debug|Any CPU.Build.0 = Debug|Any CPU
		{FDAFBD53-102D-45FC-8A6E-EB1209E56FE9}.Release|Any CPU.ActiveCfg = Release|Any CPU
		{FDAFBD53-102D-45FC-8A6E-EB1209E56FE9}.Release|Any CPU.Build.0 = Release|Any CPU
		{3BEFE3AF-D8D1-4DDB-9AF2-C72B491FC6D7}.Debug|Any CPU.ActiveCfg = Debug|Any CPU
		{3BEFE3AF-D8D1-4DDB-9AF2-C72B491FC6D7}.Debug|Any CPU.Build.0 = Debug|Any CPU
		{3BEFE3AF-D8D1-4DDB-9AF2-C72B491FC6D7}.Release|Any CPU.ActiveCfg = Release|Any CPU
		{3BEFE3AF-D8D1-4DDB-9AF2-C72B491FC6D7}.Release|Any CPU.Build.0 = Release|Any CPU
		{DD96B286-3B30-4907-8954-EBDA1393ACEF}.Debug|Any CPU.ActiveCfg = Debug|Any CPU
		{DD96B286-3B30-4907-8954-EBDA1393ACEF}.Debug|Any CPU.Build.0 = Debug|Any CPU
		{DD96B286-3B30-4907-8954-EBDA1393ACEF}.Release|Any CPU.ActiveCfg = Release|Any CPU
		{DD96B286-3B30-4907-8954-EBDA1393ACEF}.Release|Any CPU.Build.0 = Release|Any CPU
		{A1DB77C1-52F3-4877-97A6-BB57E7EE10E7}.Debug|Any CPU.ActiveCfg = Debug|Any CPU
		{A1DB77C1-52F3-4877-97A6-BB57E7EE10E7}.Debug|Any CPU.Build.0 = Debug|Any CPU
		{A1DB77C1-52F3-4877-97A6-BB57E7EE10E7}.Release|Any CPU.ActiveCfg = Release|Any CPU
		{A1DB77C1-52F3-4877-97A6-BB57E7EE10E7}.Release|Any CPU.Build.0 = Release|Any CPU
	EndGlobalSection
	GlobalSection(SolutionProperties) = preSolution
		HideSolutionNode = FALSE
	EndGlobalSection
	GlobalSection(ExtensibilityGlobals) = postSolution
		SolutionGuid = {FCD5E897-F366-4FD9-9676-28126CA0A715}
	EndGlobalSection
EndGlobal
